// !$*UTF8*$!
{
	archiveVersion = 1;
	classes = {
	};
	objectVersion = 46;
	objects = {

/* Begin PBXBuildFile section */
		2BCD80C5A015E20C5E5BA78D /* libPods-XFBifJoke.a in Frameworks */ = {isa = PBXBuildFile; fileRef = DBFF843AF46B33EE2AD644BD /* libPods-XFBifJoke.a */; };
		97304B3C6540C7C73C8A3DB5 /* libPods-XFBifJokeUITests.a in Frameworks */ = {isa = PBXBuildFile; fileRef = 9C9CCFD7416D6AA2479E4446 /* libPods-XFBifJokeUITests.a */; };
		B0FFD0F0F712C12602D15A48 /* libPods-XFBifJokeTests.a in Frameworks */ = {isa = PBXBuildFile; fileRef = 8BC2DC3DCF1499E5ED844B02 /* libPods-XFBifJokeTests.a */; };
		BD60B0AE1D5970590089939C /* XFHttpManager.m in Sources */ = {isa = PBXBuildFile; fileRef = BD60B0AD1D5970590089939C /* XFHttpManager.m */; };
		BD60B0B21D5985F30089939C /* XFDataModel.m in Sources */ = {isa = PBXBuildFile; fileRef = BD60B0B11D5985F30089939C /* XFDataModel.m */; };
		BD60B0B61D5989890089939C /* XFWordCell.m in Sources */ = {isa = PBXBuildFile; fileRef = BD60B0B41D5989890089939C /* XFWordCell.m */; };
		BD60B0B71D5989890089939C /* XFWordCell.xib in Resources */ = {isa = PBXBuildFile; fileRef = BD60B0B51D5989890089939C /* XFWordCell.xib */; };
		BD60B0BA1D59A9C50089939C /* XFAlert.m in Sources */ = {isa = PBXBuildFile; fileRef = BD60B0B91D59A9C50089939C /* XFAlert.m */; };
		BD60B0BF1D59AF620089939C /* XFRefreshFooter.m in Sources */ = {isa = PBXBuildFile; fileRef = BD60B0BC1D59AF620089939C /* XFRefreshFooter.m */; };
		BD60B0C01D59AF620089939C /* XFRefreshHeader.m in Sources */ = {isa = PBXBuildFile; fileRef = BD60B0BE1D59AF620089939C /* XFRefreshHeader.m */; };
		BD60B0DC1D59D0750089939C /* UIView+XFExtension.m in Sources */ = {isa = PBXBuildFile; fileRef = BD60B0DB1D59D0750089939C /* UIView+XFExtension.m */; };
		BD60B0DF1D59D3950089939C /* XFDataViewController.m in Sources */ = {isa = PBXBuildFile; fileRef = BD60B0DE1D59D3950089939C /* XFDataViewController.m */; };
		BD60B0E21D59D7670089939C /* XFRandViewController.m in Sources */ = {isa = PBXBuildFile; fileRef = BD60B0E11D59D7670089939C /* XFRandViewController.m */; };
		BDB04CB61D58C1CD00212CC2 /* main.m in Sources */ = {isa = PBXBuildFile; fileRef = BDB04CB51D58C1CD00212CC2 /* main.m */; };
		BDB04CB91D58C1CD00212CC2 /* AppDelegate.m in Sources */ = {isa = PBXBuildFile; fileRef = BDB04CB81D58C1CD00212CC2 /* AppDelegate.m */; };
		BDB04CC11D58C1CD00212CC2 /* Assets.xcassets in Resources */ = {isa = PBXBuildFile; fileRef = BDB04CC01D58C1CD00212CC2 /* Assets.xcassets */; };
		BDB04CCF1D58C1CD00212CC2 /* XFBifJokeTests.m in Sources */ = {isa = PBXBuildFile; fileRef = BDB04CCE1D58C1CD00212CC2 /* XFBifJokeTests.m */; };
		BDB04CDA1D58C1CD00212CC2 /* XFBifJokeUITests.m in Sources */ = {isa = PBXBuildFile; fileRef = BDB04CD91D58C1CD00212CC2 /* XFBifJokeUITests.m */; };
		BDB04CFB1D58C3EA00212CC2 /* XFMainViewController.m in Sources */ = {isa = PBXBuildFile; fileRef = BDB04CFA1D58C3EA00212CC2 /* XFMainViewController.m */; };
		BDB04CFF1D58D4DE00212CC2 /* XFNavigationController.m in Sources */ = {isa = PBXBuildFile; fileRef = BDB04CFE1D58D4DE00212CC2 /* XFNavigationController.m */; };
		BDB04D081D58D6A600212CC2 /* XFWordViewController.m in Sources */ = {isa = PBXBuildFile; fileRef = BDB04D071D58D6A600212CC2 /* XFWordViewController.m */; };
		BDB04D0B1D58D6B100212CC2 /* XFPicViewController.m in Sources */ = {isa = PBXBuildFile; fileRef = BDB04D0A1D58D6B100212CC2 /* XFPicViewController.m */; };
/* End PBXBuildFile section */

/* Begin PBXContainerItemProxy section */
		BDB04CCB1D58C1CD00212CC2 /* PBXContainerItemProxy */ = {
			isa = PBXContainerItemProxy;
			containerPortal = BDB04CA91D58C1CD00212CC2 /* Project object */;
			proxyType = 1;
			remoteGlobalIDString = BDB04CB01D58C1CD00212CC2;
			remoteInfo = XFBifJoke;
		};
		BDB04CD61D58C1CD00212CC2 /* PBXContainerItemProxy */ = {
			isa = PBXContainerItemProxy;
			containerPortal = BDB04CA91D58C1CD00212CC2 /* Project object */;
			proxyType = 1;
			remoteGlobalIDString = BDB04CB01D58C1CD00212CC2;
			remoteInfo = XFBifJoke;
		};
/* End PBXContainerItemProxy section */

/* Begin PBXFileReference section */
		255C33EBC8AECE310926E32E /* Pods-XFBifJokeUITests.release.xcconfig */ = {isa = PBXFileReference; includeInIndex = 1; lastKnownFileType = text.xcconfig; name = "Pods-XFBifJokeUITests.release.xcconfig"; path = "Pods/Target Support Files/Pods-XFBifJokeUITests/Pods-XFBifJokeUITests.release.xcconfig"; sourceTree = "<group>"; };
		8B7A632CC8B38DF67A0EDE0C /* Pods-XFBifJokeTests.release.xcconfig */ = {isa = PBXFileReference; includeInIndex = 1; lastKnownFileType = text.xcconfig; name = "Pods-XFBifJokeTests.release.xcconfig"; path = "Pods/Target Support Files/Pods-XFBifJokeTests/Pods-XFBifJokeTests.release.xcconfig"; sourceTree = "<group>"; };
		8BC2DC3DCF1499E5ED844B02 /* libPods-XFBifJokeTests.a */ = {isa = PBXFileReference; explicitFileType = archive.ar; includeInIndex = 0; path = "libPods-XFBifJokeTests.a"; sourceTree = BUILT_PRODUCTS_DIR; };
		928D00102CFAC06A62C81066 /* Pods-XFBifJoke.debug.xcconfig */ = {isa = PBXFileReference; includeInIndex = 1; lastKnownFileType = text.xcconfig; name = "Pods-XFBifJoke.debug.xcconfig"; path = "Pods/Target Support Files/Pods-XFBifJoke/Pods-XFBifJoke.debug.xcconfig"; sourceTree = "<group>"; };
		9C9CCFD7416D6AA2479E4446 /* libPods-XFBifJokeUITests.a */ = {isa = PBXFileReference; explicitFileType = archive.ar; includeInIndex = 0; path = "libPods-XFBifJokeUITests.a"; sourceTree = BUILT_PRODUCTS_DIR; };
		BD60B0AC1D5970590089939C /* XFHttpManager.h */ = {isa = PBXFileReference; fileEncoding = 4; lastKnownFileType = sourcecode.c.h; path = XFHttpManager.h; sourceTree = "<group>"; };
		BD60B0AD1D5970590089939C /* XFHttpManager.m */ = {isa = PBXFileReference; fileEncoding = 4; lastKnownFileType = sourcecode.c.objc; path = XFHttpManager.m; sourceTree = "<group>"; };
		BD60B0AF1D5971590089939C /* XFSingle.h */ = {isa = PBXFileReference; fileEncoding = 4; lastKnownFileType = sourcecode.c.h; path = XFSingle.h; sourceTree = "<group>"; };
		BD60B0B01D5985F30089939C /* XFDataModel.h */ = {isa = PBXFileReference; fileEncoding = 4; lastKnownFileType = sourcecode.c.h; path = XFDataModel.h; sourceTree = "<group>"; };
		BD60B0B11D5985F30089939C /* XFDataModel.m */ = {isa = PBXFileReference; fileEncoding = 4; lastKnownFileType = sourcecode.c.objc; path = XFDataModel.m; sourceTree = "<group>"; };
		BD60B0B31D5989890089939C /* XFWordCell.h */ = {isa = PBXFileReference; fileEncoding = 4; lastKnownFileType = sourcecode.c.h; path = XFWordCell.h; sourceTree = "<group>"; };
		BD60B0B41D5989890089939C /* XFWordCell.m */ = {isa = PBXFileReference; fileEncoding = 4; lastKnownFileType = sourcecode.c.objc; path = XFWordCell.m; sourceTree = "<group>"; };
		BD60B0B51D5989890089939C /* XFWordCell.xib */ = {isa = PBXFileReference; fileEncoding = 4; lastKnownFileType = file.xib; path = XFWordCell.xib; sourceTree = "<group>"; };
		BD60B0B81D59A9C50089939C /* XFAlert.h */ = {isa = PBXFileReference; fileEncoding = 4; lastKnownFileType = sourcecode.c.h; path = XFAlert.h; sourceTree = "<group>"; };
		BD60B0B91D59A9C50089939C /* XFAlert.m */ = {isa = PBXFileReference; fileEncoding = 4; lastKnownFileType = sourcecode.c.objc; path = XFAlert.m; sourceTree = "<group>"; };
		BD60B0BB1D59AF620089939C /* XFRefreshFooter.h */ = {isa = PBXFileReference; fileEncoding = 4; lastKnownFileType = sourcecode.c.h; path = XFRefreshFooter.h; sourceTree = "<group>"; };
		BD60B0BC1D59AF620089939C /* XFRefreshFooter.m */ = {isa = PBXFileReference; fileEncoding = 4; lastKnownFileType = sourcecode.c.objc; path = XFRefreshFooter.m; sourceTree = "<group>"; };
		BD60B0BD1D59AF620089939C /* XFRefreshHeader.h */ = {isa = PBXFileReference; fileEncoding = 4; lastKnownFileType = sourcecode.c.h; path = XFRefreshHeader.h; sourceTree = "<group>"; };
		BD60B0BE1D59AF620089939C /* XFRefreshHeader.m */ = {isa = PBXFileReference; fileEncoding = 4; lastKnownFileType = sourcecode.c.objc; path = XFRefreshHeader.m; sourceTree = "<group>"; };
		BD60B0DA1D59D0750089939C /* UIView+XFExtension.h */ = {isa = PBXFileReference; fileEncoding = 4; lastKnownFileType = sourcecode.c.h; path = "UIView+XFExtension.h"; sourceTree = "<group>"; };
		BD60B0DB1D59D0750089939C /* UIView+XFExtension.m */ = {isa = PBXFileReference; fileEncoding = 4; lastKnownFileType = sourcecode.c.objc; path = "UIView+XFExtension.m"; sourceTree = "<group>"; };
		BD60B0DD1D59D3950089939C /* XFDataViewController.h */ = {isa = PBXFileReference; fileEncoding = 4; lastKnownFileType = sourcecode.c.h; path = XFDataViewController.h; sourceTree = "<group>"; };
		BD60B0DE1D59D3950089939C /* XFDataViewController.m */ = {isa = PBXFileReference; fileEncoding = 4; lastKnownFileType = sourcecode.c.objc; path = XFDataViewController.m; sourceTree = "<group>"; };
		BD60B0E01D59D7670089939C /* XFRandViewController.h */ = {isa = PBXFileReference; fileEncoding = 4; lastKnownFileType = sourcecode.c.h; path = XFRandViewController.h; sourceTree = "<group>"; };
		BD60B0E11D59D7670089939C /* XFRandViewController.m */ = {isa = PBXFileReference; fileEncoding = 4; lastKnownFileType = sourcecode.c.objc; path = XFRandViewController.m; sourceTree = "<group>"; };
		BDB04CB11D58C1CD00212CC2 /* XFBifJoke.app */ = {isa = PBXFileReference; explicitFileType = wrapper.application; includeInIndex = 0; path = XFBifJoke.app; sourceTree = BUILT_PRODUCTS_DIR; };
		BDB04CB51D58C1CD00212CC2 /* main.m */ = {isa = PBXFileReference; lastKnownFileType = sourcecode.c.objc; path = main.m; sourceTree = "<group>"; };
		BDB04CB71D58C1CD00212CC2 /* AppDelegate.h */ = {isa = PBXFileReference; lastKnownFileType = sourcecode.c.h; path = AppDelegate.h; sourceTree = "<group>"; };
		BDB04CB81D58C1CD00212CC2 /* AppDelegate.m */ = {isa = PBXFileReference; lastKnownFileType = sourcecode.c.objc; path = AppDelegate.m; sourceTree = "<group>"; };
		BDB04CC01D58C1CD00212CC2 /* Assets.xcassets */ = {isa = PBXFileReference; lastKnownFileType = folder.assetcatalog; path = Assets.xcassets; sourceTree = "<group>"; };
		BDB04CC51D58C1CD00212CC2 /* Info.plist */ = {isa = PBXFileReference; lastKnownFileType = text.plist.xml; path = Info.plist; sourceTree = "<group>"; };
		BDB04CCA1D58C1CD00212CC2 /* XFBifJokeTests.xctest */ = {isa = PBXFileReference; explicitFileType = wrapper.cfbundle; includeInIndex = 0; path = XFBifJokeTests.xctest; sourceTree = BUILT_PRODUCTS_DIR; };
		BDB04CCE1D58C1CD00212CC2 /* XFBifJokeTests.m */ = {isa = PBXFileReference; lastKnownFileType = sourcecode.c.objc; path = XFBifJokeTests.m; sourceTree = "<group>"; };
		BDB04CD01D58C1CD00212CC2 /* Info.plist */ = {isa = PBXFileReference; lastKnownFileType = text.plist.xml; path = Info.plist; sourceTree = "<group>"; };
		BDB04CD51D58C1CD00212CC2 /* XFBifJokeUITests.xctest */ = {isa = PBXFileReference; explicitFileType = wrapper.cfbundle; includeInIndex = 0; path = XFBifJokeUITests.xctest; sourceTree = BUILT_PRODUCTS_DIR; };
		BDB04CD91D58C1CD00212CC2 /* XFBifJokeUITests.m */ = {isa = PBXFileReference; lastKnownFileType = sourcecode.c.objc; path = XFBifJokeUITests.m; sourceTree = "<group>"; };
		BDB04CDB1D58C1CD00212CC2 /* Info.plist */ = {isa = PBXFileReference; lastKnownFileType = text.plist.xml; path = Info.plist; sourceTree = "<group>"; };
		BDB04CF91D58C3EA00212CC2 /* XFMainViewController.h */ = {isa = PBXFileReference; fileEncoding = 4; lastKnownFileType = sourcecode.c.h; path = XFMainViewController.h; sourceTree = "<group>"; };
		BDB04CFA1D58C3EA00212CC2 /* XFMainViewController.m */ = {isa = PBXFileReference; fileEncoding = 4; lastKnownFileType = sourcecode.c.objc; path = XFMainViewController.m; sourceTree = "<group>"; };
		BDB04CFC1D58D45700212CC2 /* PrefixHeader.pch */ = {isa = PBXFileReference; lastKnownFileType = sourcecode.c.h; path = PrefixHeader.pch; sourceTree = "<group>"; };
		BDB04CFD1D58D4DE00212CC2 /* XFNavigationController.h */ = {isa = PBXFileReference; fileEncoding = 4; lastKnownFileType = sourcecode.c.h; path = XFNavigationController.h; sourceTree = "<group>"; };
		BDB04CFE1D58D4DE00212CC2 /* XFNavigationController.m */ = {isa = PBXFileReference; fileEncoding = 4; lastKnownFileType = sourcecode.c.objc; path = XFNavigationController.m; sourceTree = "<group>"; };
		BDB04D061D58D6A600212CC2 /* XFWordViewController.h */ = {isa = PBXFileReference; fileEncoding = 4; lastKnownFileType = sourcecode.c.h; path = XFWordViewController.h; sourceTree = "<group>"; };
		BDB04D071D58D6A600212CC2 /* XFWordViewController.m */ = {isa = PBXFileReference; fileEncoding = 4; lastKnownFileType = sourcecode.c.objc; path = XFWordViewController.m; sourceTree = "<group>"; };
		BDB04D091D58D6B100212CC2 /* XFPicViewController.h */ = {isa = PBXFileReference; fileEncoding = 4; lastKnownFileType = sourcecode.c.h; path = XFPicViewController.h; sourceTree = "<group>"; };
		BDB04D0A1D58D6B100212CC2 /* XFPicViewController.m */ = {isa = PBXFileReference; fileEncoding = 4; lastKnownFileType = sourcecode.c.objc; path = XFPicViewController.m; sourceTree = "<group>"; };
		BF7AB1B54F5A84620C90E61B /* Pods-XFBifJokeUITests.debug.xcconfig */ = {isa = PBXFileReference; includeInIndex = 1; lastKnownFileType = text.xcconfig; name = "Pods-XFBifJokeUITests.debug.xcconfig"; path = "Pods/Target Support Files/Pods-XFBifJokeUITests/Pods-XFBifJokeUITests.debug.xcconfig"; sourceTree = "<group>"; };
		CD7DAA164E3016F8A02DD66E /* Pods-XFBifJoke.release.xcconfig */ = {isa = PBXFileReference; includeInIndex = 1; lastKnownFileType = text.xcconfig; name = "Pods-XFBifJoke.release.xcconfig"; path = "Pods/Target Support Files/Pods-XFBifJoke/Pods-XFBifJoke.release.xcconfig"; sourceTree = "<group>"; };
		D063E4F3F4F22B55C3E83693 /* Pods-XFBifJokeTests.debug.xcconfig */ = {isa = PBXFileReference; includeInIndex = 1; lastKnownFileType = text.xcconfig; name = "Pods-XFBifJokeTests.debug.xcconfig"; path = "Pods/Target Support Files/Pods-XFBifJokeTests/Pods-XFBifJokeTests.debug.xcconfig"; sourceTree = "<group>"; };
		DBFF843AF46B33EE2AD644BD /* libPods-XFBifJoke.a */ = {isa = PBXFileReference; explicitFileType = archive.ar; includeInIndex = 0; path = "libPods-XFBifJoke.a"; sourceTree = BUILT_PRODUCTS_DIR; };
/* End PBXFileReference section */

/* Begin PBXFrameworksBuildPhase section */
		BDB04CAE1D58C1CD00212CC2 /* Frameworks */ = {
			isa = PBXFrameworksBuildPhase;
			buildActionMask = 2147483647;
			files = (
				2BCD80C5A015E20C5E5BA78D /* libPods-XFBifJoke.a in Frameworks */,
			);
			runOnlyForDeploymentPostprocessing = 0;
		};
		BDB04CC71D58C1CD00212CC2 /* Frameworks */ = {
			isa = PBXFrameworksBuildPhase;
			buildActionMask = 2147483647;
			files = (
				B0FFD0F0F712C12602D15A48 /* libPods-XFBifJokeTests.a in Frameworks */,
			);
			runOnlyForDeploymentPostprocessing = 0;
		};
		BDB04CD21D58C1CD00212CC2 /* Frameworks */ = {
			isa = PBXFrameworksBuildPhase;
			buildActionMask = 2147483647;
			files = (
				97304B3C6540C7C73C8A3DB5 /* libPods-XFBifJokeUITests.a in Frameworks */,
			);
			runOnlyForDeploymentPostprocessing = 0;
		};
/* End PBXFrameworksBuildPhase section */

/* Begin PBXGroup section */
		4B34F5AA66CE14C6B48527D7 /* Pods */ = {
			isa = PBXGroup;
			children = (
				928D00102CFAC06A62C81066 /* Pods-XFBifJoke.debug.xcconfig */,
				CD7DAA164E3016F8A02DD66E /* Pods-XFBifJoke.release.xcconfig */,
				D063E4F3F4F22B55C3E83693 /* Pods-XFBifJokeTests.debug.xcconfig */,
				8B7A632CC8B38DF67A0EDE0C /* Pods-XFBifJokeTests.release.xcconfig */,
				BF7AB1B54F5A84620C90E61B /* Pods-XFBifJokeUITests.debug.xcconfig */,
				255C33EBC8AECE310926E32E /* Pods-XFBifJokeUITests.release.xcconfig */,
			);
			name = Pods;
			sourceTree = "<group>";
		};
		BBF152D9BF85925415BA5143 /* Frameworks */ = {
			isa = PBXGroup;
			children = (
				DBFF843AF46B33EE2AD644BD /* libPods-XFBifJoke.a */,
				8BC2DC3DCF1499E5ED844B02 /* libPods-XFBifJokeTests.a */,
				9C9CCFD7416D6AA2479E4446 /* libPods-XFBifJokeUITests.a */,
			);
			name = Frameworks;
			sourceTree = "<group>";
		};
		BD60B0AB1D5970180089939C /* Tool */ = {
			isa = PBXGroup;
			children = (
				BD60B0AF1D5971590089939C /* XFSingle.h */,
				BD60B0B81D59A9C50089939C /* XFAlert.h */,
				BD60B0B91D59A9C50089939C /* XFAlert.m */,
				BD60B0AC1D5970590089939C /* XFHttpManager.h */,
				BD60B0AD1D5970590089939C /* XFHttpManager.m */,
				BD60B0BB1D59AF620089939C /* XFRefreshFooter.h */,
				BD60B0BC1D59AF620089939C /* XFRefreshFooter.m */,
				BD60B0BD1D59AF620089939C /* XFRefreshHeader.h */,
				BD60B0BE1D59AF620089939C /* XFRefreshHeader.m */,
			);
			path = Tool;
			sourceTree = "<group>";
		};
		BDB04CA81D58C1CD00212CC2 = {
			isa = PBXGroup;
			children = (
				BDB04CB31D58C1CD00212CC2 /* XFBifJoke */,
				BDB04CCD1D58C1CD00212CC2 /* XFBifJokeTests */,
				BDB04CD81D58C1CD00212CC2 /* XFBifJokeUITests */,
				BDB04CB21D58C1CD00212CC2 /* Products */,
				4B34F5AA66CE14C6B48527D7 /* Pods */,
				BBF152D9BF85925415BA5143 /* Frameworks */,
			);
			sourceTree = "<group>";
		};
		BDB04CB21D58C1CD00212CC2 /* Products */ = {
			isa = PBXGroup;
			children = (
				BDB04CB11D58C1CD00212CC2 /* XFBifJoke.app */,
				BDB04CCA1D58C1CD00212CC2 /* XFBifJokeTests.xctest */,
				BDB04CD51D58C1CD00212CC2 /* XFBifJokeUITests.xctest */,
			);
			name = Products;
			sourceTree = "<group>";
		};
		BDB04CB31D58C1CD00212CC2 /* XFBifJoke */ = {
			isa = PBXGroup;
			children = (
				BDB04CE71D58C2C900212CC2 /* Classes */,
				BDB04CB71D58C1CD00212CC2 /* AppDelegate.h */,
				BDB04CB81D58C1CD00212CC2 /* AppDelegate.m */,
				BDB04CB41D58C1CD00212CC2 /* Supporting Files */,
			);
			path = XFBifJoke;
			sourceTree = "<group>";
		};
		BDB04CB41D58C1CD00212CC2 /* Supporting Files */ = {
			isa = PBXGroup;
			children = (
				BDB04CFC1D58D45700212CC2 /* PrefixHeader.pch */,
				BDB04CC01D58C1CD00212CC2 /* Assets.xcassets */,
				BDB04CC51D58C1CD00212CC2 /* Info.plist */,
				BDB04CB51D58C1CD00212CC2 /* main.m */,
			);
			name = "Supporting Files";
			sourceTree = "<group>";
		};
		BDB04CCD1D58C1CD00212CC2 /* XFBifJokeTests */ = {
			isa = PBXGroup;
			children = (
				BDB04CCE1D58C1CD00212CC2 /* XFBifJokeTests.m */,
				BDB04CD01D58C1CD00212CC2 /* Info.plist */,
			);
			path = XFBifJokeTests;
			sourceTree = "<group>";
		};
		BDB04CD81D58C1CD00212CC2 /* XFBifJokeUITests */ = {
			isa = PBXGroup;
			children = (
				BDB04CD91D58C1CD00212CC2 /* XFBifJokeUITests.m */,
				BDB04CDB1D58C1CD00212CC2 /* Info.plist */,
			);
			path = XFBifJokeUITests;
			sourceTree = "<group>";
		};
		BDB04CE71D58C2C900212CC2 /* Classes */ = {
			isa = PBXGroup;
			children = (
				BDB04CF41D58C3C700212CC2 /* Main */,
				BDB04CE81D58C2FB00212CC2 /* Word */,
				BDB04CEC1D58C37200212CC2 /* Picture */,
				BDB04CF01D58C37200212CC2 /* Random */,
			);
			path = Classes;
			sourceTree = "<group>";
		};
		BDB04CE81D58C2FB00212CC2 /* Word */ = {
			isa = PBXGroup;
			children = (
				BDB04CEA1D58C33000212CC2 /* Controller */,
				BDB04CEB1D58C33000212CC2 /* Model */,
				BDB04CE91D58C2FB00212CC2 /* View */,
			);
			path = Word;
			sourceTree = "<group>";
		};
		BDB04CE91D58C2FB00212CC2 /* View */ = {
			isa = PBXGroup;
			children = (
				BD60B0B31D5989890089939C /* XFWordCell.h */,
				BD60B0B41D5989890089939C /* XFWordCell.m */,
				BD60B0B51D5989890089939C /* XFWordCell.xib */,
			);
			path = View;
			sourceTree = "<group>";
		};
		BDB04CEA1D58C33000212CC2 /* Controller */ = {
			isa = PBXGroup;
			children = (
				BDB04D061D58D6A600212CC2 /* XFWordViewController.h */,
				BDB04D071D58D6A600212CC2 /* XFWordViewController.m */,
			);
			path = Controller;
			sourceTree = "<group>";
		};
		BDB04CEB1D58C33000212CC2 /* Model */ = {
			isa = PBXGroup;
			children = (
				BD60B0B01D5985F30089939C /* XFDataModel.h */,
				BD60B0B11D5985F30089939C /* XFDataModel.m */,
			);
			path = Model;
			sourceTree = "<group>";
		};
		BDB04CEC1D58C37200212CC2 /* Picture */ = {
			isa = PBXGroup;
			children = (
				BDB04CED1D58C37200212CC2 /* Controller */,
				BDB04CEE1D58C37200212CC2 /* Model */,
				BDB04CEF1D58C37200212CC2 /* View */,
			);
			path = Picture;
			sourceTree = "<group>";
		};
		BDB04CED1D58C37200212CC2 /* Controller */ = {
			isa = PBXGroup;
			children = (
				BDB04D091D58D6B100212CC2 /* XFPicViewController.h */,
				BDB04D0A1D58D6B100212CC2 /* XFPicViewController.m */,
			);
			path = Controller;
			sourceTree = "<group>";
		};
		BDB04CEE1D58C37200212CC2 /* Model */ = {
			isa = PBXGroup;
			children = (
			);
			path = Model;
			sourceTree = "<group>";
		};
		BDB04CEF1D58C37200212CC2 /* View */ = {
			isa = PBXGroup;
			children = (
			);
			path = View;
			sourceTree = "<group>";
		};
		BDB04CF01D58C37200212CC2 /* Random */ = {
			isa = PBXGroup;
			children = (
				BDB04CF11D58C37200212CC2 /* Controller */,
				BDB04CF21D58C37200212CC2 /* Model */,
				BDB04CF31D58C37200212CC2 /* View */,
			);
			path = Random;
			sourceTree = "<group>";
		};
		BDB04CF11D58C37200212CC2 /* Controller */ = {
			isa = PBXGroup;
			children = (
				BD60B0E01D59D7670089939C /* XFRandViewController.h */,
				BD60B0E11D59D7670089939C /* XFRandViewController.m */,
			);
			path = Controller;
			sourceTree = "<group>";
		};
		BDB04CF21D58C37200212CC2 /* Model */ = {
			isa = PBXGroup;
			children = (
			);
			path = Model;
			sourceTree = "<group>";
		};
		BDB04CF31D58C37200212CC2 /* View */ = {
			isa = PBXGroup;
			children = (
			);
			path = View;
			sourceTree = "<group>";
		};
		BDB04CF41D58C3C700212CC2 /* Main */ = {
			isa = PBXGroup;
			children = (
				BD60B0AB1D5970180089939C /* Tool */,
				BDB04CF51D58C3C700212CC2 /* Catagery */,
				BDB04CF61D58C3C700212CC2 /* Controller */,
				BDB04CF71D58C3C700212CC2 /* Model */,
				BDB04CF81D58C3C700212CC2 /* View */,
			);
			path = Main;
			sourceTree = "<group>";
		};
		BDB04CF51D58C3C700212CC2 /* Catagery */ = {
			isa = PBXGroup;
			children = (
				BD60B0DA1D59D0750089939C /* UIView+XFExtension.h */,
				BD60B0DB1D59D0750089939C /* UIView+XFExtension.m */,
			);
			path = Catagery;
			sourceTree = "<group>";
		};
		BDB04CF61D58C3C700212CC2 /* Controller */ = {
			isa = PBXGroup;
			children = (
				BDB04CF91D58C3EA00212CC2 /* XFMainViewController.h */,
				BDB04CFA1D58C3EA00212CC2 /* XFMainViewController.m */,
				BDB04CFD1D58D4DE00212CC2 /* XFNavigationController.h */,
				BDB04CFE1D58D4DE00212CC2 /* XFNavigationController.m */,
				BD60B0DD1D59D3950089939C /* XFDataViewController.h */,
				BD60B0DE1D59D3950089939C /* XFDataViewController.m */,
			);
			path = Controller;
			sourceTree = "<group>";
		};
		BDB04CF71D58C3C700212CC2 /* Model */ = {
			isa = PBXGroup;
			children = (
			);
			path = Model;
			sourceTree = "<group>";
		};
		BDB04CF81D58C3C700212CC2 /* View */ = {
			isa = PBXGroup;
			children = (
			);
			path = View;
			sourceTree = "<group>";
		};
/* End PBXGroup section */

/* Begin PBXNativeTarget section */
		BDB04CB01D58C1CD00212CC2 /* XFBifJoke */ = {
			isa = PBXNativeTarget;
			buildConfigurationList = BDB04CDE1D58C1CD00212CC2 /* Build configuration list for PBXNativeTarget "XFBifJoke" */;
			buildPhases = (
				CDFE374E18B6BEB6E9292AE7 /* [CP] Check Pods Manifest.lock */,
				BDB04CAD1D58C1CD00212CC2 /* Sources */,
				BDB04CAE1D58C1CD00212CC2 /* Frameworks */,
				BDB04CAF1D58C1CD00212CC2 /* Resources */,
				8B3BE36CE25D58225237C312 /* [CP] Embed Pods Frameworks */,
				892E5825D51B31598CBA7BD2 /* [CP] Copy Pods Resources */,
			);
			buildRules = (
			);
			dependencies = (
			);
			name = XFBifJoke;
			productName = XFBifJoke;
			productReference = BDB04CB11D58C1CD00212CC2 /* XFBifJoke.app */;
			productType = "com.apple.product-type.application";
		};
		BDB04CC91D58C1CD00212CC2 /* XFBifJokeTests */ = {
			isa = PBXNativeTarget;
			buildConfigurationList = BDB04CE11D58C1CD00212CC2 /* Build configuration list for PBXNativeTarget "XFBifJokeTests" */;
			buildPhases = (
				487381F376C74A457FA9DC8D /* [CP] Check Pods Manifest.lock */,
				BDB04CC61D58C1CD00212CC2 /* Sources */,
				BDB04CC71D58C1CD00212CC2 /* Frameworks */,
				BDB04CC81D58C1CD00212CC2 /* Resources */,
				D69C1F6DE9A46305018F3DB2 /* [CP] Embed Pods Frameworks */,
				9FA870EC81437F5687C90D2A /* [CP] Copy Pods Resources */,
			);
			buildRules = (
			);
			dependencies = (
				BDB04CCC1D58C1CD00212CC2 /* PBXTargetDependency */,
			);
			name = XFBifJokeTests;
			productName = XFBifJokeTests;
			productReference = BDB04CCA1D58C1CD00212CC2 /* XFBifJokeTests.xctest */;
			productType = "com.apple.product-type.bundle.unit-test";
		};
		BDB04CD41D58C1CD00212CC2 /* XFBifJokeUITests */ = {
			isa = PBXNativeTarget;
			buildConfigurationList = BDB04CE41D58C1CD00212CC2 /* Build configuration list for PBXNativeTarget "XFBifJokeUITests" */;
			buildPhases = (
				66A98F87AE81F6E5BDEE2602 /* [CP] Check Pods Manifest.lock */,
				BDB04CD11D58C1CD00212CC2 /* Sources */,
				BDB04CD21D58C1CD00212CC2 /* Frameworks */,
				BDB04CD31D58C1CD00212CC2 /* Resources */,
				EDC0BA23175ED8A0DA40326B /* [CP] Embed Pods Frameworks */,
				DAB75896EE9DE7A5572112E7 /* [CP] Copy Pods Resources */,
			);
			buildRules = (
			);
			dependencies = (
				BDB04CD71D58C1CD00212CC2 /* PBXTargetDependency */,
			);
			name = XFBifJokeUITests;
			productName = XFBifJokeUITests;
			productReference = BDB04CD51D58C1CD00212CC2 /* XFBifJokeUITests.xctest */;
			productType = "com.apple.product-type.bundle.ui-testing";
		};
/* End PBXNativeTarget section */

/* Begin PBXProject section */
		BDB04CA91D58C1CD00212CC2 /* Project object */ = {
			isa = PBXProject;
			attributes = {
				CLASSPREFIX = XF;
				LastUpgradeCheck = 0720;
				ORGANIZATIONNAME = xiaofan;
				TargetAttributes = {
					BDB04CB01D58C1CD00212CC2 = {
						CreatedOnToolsVersion = 7.2.1;
					};
					BDB04CC91D58C1CD00212CC2 = {
						CreatedOnToolsVersion = 7.2.1;
						TestTargetID = BDB04CB01D58C1CD00212CC2;
					};
					BDB04CD41D58C1CD00212CC2 = {
						CreatedOnToolsVersion = 7.2.1;
						TestTargetID = BDB04CB01D58C1CD00212CC2;
					};
				};
			};
			buildConfigurationList = BDB04CAC1D58C1CD00212CC2 /* Build configuration list for PBXProject "XFBifJoke" */;
			compatibilityVersion = "Xcode 3.2";
			developmentRegion = English;
			hasScannedForEncodings = 0;
			knownRegions = (
				en,
				Base,
			);
			mainGroup = BDB04CA81D58C1CD00212CC2;
			productRefGroup = BDB04CB21D58C1CD00212CC2 /* Products */;
			projectDirPath = "";
			projectRoot = "";
			targets = (
				BDB04CB01D58C1CD00212CC2 /* XFBifJoke */,
				BDB04CC91D58C1CD00212CC2 /* XFBifJokeTests */,
				BDB04CD41D58C1CD00212CC2 /* XFBifJokeUITests */,
			);
		};
/* End PBXProject section */

/* Begin PBXResourcesBuildPhase section */
		BDB04CAF1D58C1CD00212CC2 /* Resources */ = {
			isa = PBXResourcesBuildPhase;
			buildActionMask = 2147483647;
			files = (
				BDB04CC11D58C1CD00212CC2 /* Assets.xcassets in Resources */,
				BD60B0B71D5989890089939C /* XFWordCell.xib in Resources */,
			);
			runOnlyForDeploymentPostprocessing = 0;
		};
		BDB04CC81D58C1CD00212CC2 /* Resources */ = {
			isa = PBXResourcesBuildPhase;
			buildActionMask = 2147483647;
			files = (
			);
			runOnlyForDeploymentPostprocessing = 0;
		};
		BDB04CD31D58C1CD00212CC2 /* Resources */ = {
			isa = PBXResourcesBuildPhase;
			buildActionMask = 2147483647;
			files = (
			);
			runOnlyForDeploymentPostprocessing = 0;
		};
/* End PBXResourcesBuildPhase section */

/* Begin PBXShellScriptBuildPhase section */
		487381F376C74A457FA9DC8D /* [CP] Check Pods Manifest.lock */ = {
			isa = PBXShellScriptBuildPhase;
			buildActionMask = 2147483647;
			files = (
			);
			inputPaths = (
			);
			name = "[CP] Check Pods Manifest.lock";
			outputPaths = (
			);
			runOnlyForDeploymentPostprocessing = 0;
			shellPath = /bin/sh;
			shellScript = "diff \"${PODS_ROOT}/../Podfile.lock\" \"${PODS_ROOT}/Manifest.lock\" > /dev/null\nif [ $? != 0 ] ; then\n    # print error to STDERR\n    echo \"error: The sandbox is not in sync with the Podfile.lock. Run 'pod install' or update your CocoaPods installation.\" >&2\n    exit 1\nfi\n";
			showEnvVarsInLog = 0;
		};
		66A98F87AE81F6E5BDEE2602 /* [CP] Check Pods Manifest.lock */ = {
			isa = PBXShellScriptBuildPhase;
			buildActionMask = 2147483647;
			files = (
			);
			inputPaths = (
			);
			name = "[CP] Check Pods Manifest.lock";
			outputPaths = (
			);
			runOnlyForDeploymentPostprocessing = 0;
			shellPath = /bin/sh;
			shellScript = "diff \"${PODS_ROOT}/../Podfile.lock\" \"${PODS_ROOT}/Manifest.lock\" > /dev/null\nif [ $? != 0 ] ; then\n    # print error to STDERR\n    echo \"error: The sandbox is not in sync with the Podfile.lock. Run 'pod install' or update your CocoaPods installation.\" >&2\n    exit 1\nfi\n";
			showEnvVarsInLog = 0;
		};
		892E5825D51B31598CBA7BD2 /* [CP] Copy Pods Resources */ = {
			isa = PBXShellScriptBuildPhase;
			buildActionMask = 2147483647;
			files = (
			);
			inputPaths = (
			);
			name = "[CP] Copy Pods Resources";
			outputPaths = (
			);
			runOnlyForDeploymentPostprocessing = 0;
			shellPath = /bin/sh;
			shellScript = "\"${SRCROOT}/Pods/Target Support Files/Pods-XFBifJoke/Pods-XFBifJoke-resources.sh\"\n";
			showEnvVarsInLog = 0;
		};
		8B3BE36CE25D58225237C312 /* [CP] Embed Pods Frameworks */ = {
			isa = PBXShellScriptBuildPhase;
			buildActionMask = 2147483647;
			files = (
			);
			inputPaths = (
			);
			name = "[CP] Embed Pods Frameworks";
			outputPaths = (
			);
			runOnlyForDeploymentPostprocessing = 0;
			shellPath = /bin/sh;
			shellScript = "\"${SRCROOT}/Pods/Target Support Files/Pods-XFBifJoke/Pods-XFBifJoke-frameworks.sh\"\n";
			showEnvVarsInLog = 0;
		};
		9FA870EC81437F5687C90D2A /* [CP] Copy Pods Resources */ = {
			isa = PBXShellScriptBuildPhase;
			buildActionMask = 2147483647;
			files = (
			);
			inputPaths = (
			);
			name = "[CP] Copy Pods Resources";
			outputPaths = (
			);
			runOnlyForDeploymentPostprocessing = 0;
			shellPath = /bin/sh;
			shellScript = "\"${SRCROOT}/Pods/Target Support Files/Pods-XFBifJokeTests/Pods-XFBifJokeTests-resources.sh\"\n";
			showEnvVarsInLog = 0;
		};
		CDFE374E18B6BEB6E9292AE7 /* [CP] Check Pods Manifest.lock */ = {
			isa = PBXShellScriptBuildPhase;
			buildActionMask = 2147483647;
			files = (
			);
			inputPaths = (
			);
			name = "[CP] Check Pods Manifest.lock";
			outputPaths = (
			);
			runOnlyForDeploymentPostprocessing = 0;
			shellPath = /bin/sh;
			shellScript = "diff \"${PODS_ROOT}/../Podfile.lock\" \"${PODS_ROOT}/Manifest.lock\" > /dev/null\nif [ $? != 0 ] ; then\n    # print error to STDERR\n    echo \"error: The sandbox is not in sync with the Podfile.lock. Run 'pod install' or update your CocoaPods installation.\" >&2\n    exit 1\nfi\n";
			showEnvVarsInLog = 0;
		};
		D69C1F6DE9A46305018F3DB2 /* [CP] Embed Pods Frameworks */ = {
			isa = PBXShellScriptBuildPhase;
			buildActionMask = 2147483647;
			files = (
			);
			inputPaths = (
			);
			name = "[CP] Embed Pods Frameworks";
			outputPaths = (
			);
			runOnlyForDeploymentPostprocessing = 0;
			shellPath = /bin/sh;
			shellScript = "\"${SRCROOT}/Pods/Target Support Files/Pods-XFBifJokeTests/Pods-XFBifJokeTests-frameworks.sh\"\n";
			showEnvVarsInLog = 0;
		};
		DAB75896EE9DE7A5572112E7 /* [CP] Copy Pods Resources */ = {
			isa = PBXShellScriptBuildPhase;
			buildActionMask = 2147483647;
			files = (
			);
			inputPaths = (
			);
			name = "[CP] Copy Pods Resources";
			outputPaths = (
			);
			runOnlyForDeploymentPostprocessing = 0;
			shellPath = /bin/sh;
			shellScript = "\"${SRCROOT}/Pods/Target Support Files/Pods-XFBifJokeUITests/Pods-XFBifJokeUITests-resources.sh\"\n";
			showEnvVarsInLog = 0;
		};
		EDC0BA23175ED8A0DA40326B /* [CP] Embed Pods Frameworks */ = {
			isa = PBXShellScriptBuildPhase;
			buildActionMask = 2147483647;
			files = (
			);
			inputPaths = (
			);
			name = "[CP] Embed Pods Frameworks";
			outputPaths = (
			);
			runOnlyForDeploymentPostprocessing = 0;
			shellPath = /bin/sh;
			shellScript = "\"${SRCROOT}/Pods/Target Support Files/Pods-XFBifJokeUITests/Pods-XFBifJokeUITests-frameworks.sh\"\n";
			showEnvVarsInLog = 0;
		};
/* End PBXShellScriptBuildPhase section */

/* Begin PBXSourcesBuildPhase section */
		BDB04CAD1D58C1CD00212CC2 /* Sources */ = {
			isa = PBXSourcesBuildPhase;
			buildActionMask = 2147483647;
			files = (
				BDB04CB91D58C1CD00212CC2 /* AppDelegate.m in Sources */,
				BDB04CFB1D58C3EA00212CC2 /* XFMainViewController.m in Sources */,
				BD60B0AE1D5970590089939C /* XFHttpManager.m in Sources */,
				BD60B0B21D5985F30089939C /* XFDataModel.m in Sources */,
				BDB04CB61D58C1CD00212CC2 /* main.m in Sources */,
				BD60B0E21D59D7670089939C /* XFRandViewController.m in Sources */,
				BDB04D0B1D58D6B100212CC2 /* XFPicViewController.m in Sources */,
				BD60B0B61D5989890089939C /* XFWordCell.m in Sources */,
				BD60B0BF1D59AF620089939C /* XFRefreshFooter.m in Sources */,
				BD60B0C01D59AF620089939C /* XFRefreshHeader.m in Sources */,
				BD60B0BA1D59A9C50089939C /* XFAlert.m in Sources */,
				BDB04D081D58D6A600212CC2 /* XFWordViewController.m in Sources */,
				BD60B0DF1D59D3950089939C /* XFDataViewController.m in Sources */,
				BDB04CFF1D58D4DE00212CC2 /* XFNavigationController.m in Sources */,
				BD60B0DC1D59D0750089939C /* UIView+XFExtension.m in Sources */,
			);
			runOnlyForDeploymentPostprocessing = 0;
		};
		BDB04CC61D58C1CD00212CC2 /* Sources */ = {
			isa = PBXSourcesBuildPhase;
			buildActionMask = 2147483647;
			files = (
				BDB04CCF1D58C1CD00212CC2 /* XFBifJokeTests.m in Sources */,
			);
			runOnlyForDeploymentPostprocessing = 0;
		};
		BDB04CD11D58C1CD00212CC2 /* Sources */ = {
			isa = PBXSourcesBuildPhase;
			buildActionMask = 2147483647;
			files = (
				BDB04CDA1D58C1CD00212CC2 /* XFBifJokeUITests.m in Sources */,
			);
			runOnlyForDeploymentPostprocessing = 0;
		};
/* End PBXSourcesBuildPhase section */

/* Begin PBXTargetDependency section */
		BDB04CCC1D58C1CD00212CC2 /* PBXTargetDependency */ = {
			isa = PBXTargetDependency;
			target = BDB04CB01D58C1CD00212CC2 /* XFBifJoke */;
			targetProxy = BDB04CCB1D58C1CD00212CC2 /* PBXContainerItemProxy */;
		};
		BDB04CD71D58C1CD00212CC2 /* PBXTargetDependency */ = {
			isa = PBXTargetDependency;
			target = BDB04CB01D58C1CD00212CC2 /* XFBifJoke */;
			targetProxy = BDB04CD61D58C1CD00212CC2 /* PBXContainerItemProxy */;
		};
/* End PBXTargetDependency section */

/* Begin XCBuildConfiguration section */
		BDB04CDC1D58C1CD00212CC2 /* Debug */ = {
			isa = XCBuildConfiguration;
			buildSettings = {
				ALWAYS_SEARCH_USER_PATHS = NO;
				CLANG_CXX_LANGUAGE_STANDARD = "gnu++0x";
				CLANG_CXX_LIBRARY = "libc++";
				CLANG_ENABLE_MODULES = YES;
				CLANG_ENABLE_OBJC_ARC = YES;
				CLANG_WARN_BOOL_CONVERSION = YES;
				CLANG_WARN_CONSTANT_CONVERSION = YES;
				CLANG_WARN_DIRECT_OBJC_ISA_USAGE = YES_ERROR;
				CLANG_WARN_EMPTY_BODY = YES;
				CLANG_WARN_ENUM_CONVERSION = YES;
				CLANG_WARN_INT_CONVERSION = YES;
				CLANG_WARN_OBJC_ROOT_CLASS = YES_ERROR;
				CLANG_WARN_UNREACHABLE_CODE = YES;
				CLANG_WARN__DUPLICATE_METHOD_MATCH = YES;
				"CODE_SIGN_IDENTITY[sdk=iphoneos*]" = "iPhone Developer";
				COPY_PHASE_STRIP = NO;
				DEBUG_INFORMATION_FORMAT = dwarf;
				ENABLE_STRICT_OBJC_MSGSEND = YES;
				ENABLE_TESTABILITY = YES;
				GCC_C_LANGUAGE_STANDARD = gnu99;
				GCC_DYNAMIC_NO_PIC = NO;
				GCC_NO_COMMON_BLOCKS = YES;
				GCC_OPTIMIZATION_LEVEL = 0;
				GCC_PREPROCESSOR_DEFINITIONS = (
					"DEBUG=1",
					"$(inherited)",
				);
				GCC_WARN_64_TO_32_BIT_CONVERSION = YES;
				GCC_WARN_ABOUT_RETURN_TYPE = YES_ERROR;
				GCC_WARN_UNDECLARED_SELECTOR = YES;
				GCC_WARN_UNINITIALIZED_AUTOS = YES_AGGRESSIVE;
				GCC_WARN_UNUSED_FUNCTION = YES;
				GCC_WARN_UNUSED_VARIABLE = YES;
				IPHONEOS_DEPLOYMENT_TARGET = 9.2;
				MTL_ENABLE_DEBUG_INFO = YES;
				ONLY_ACTIVE_ARCH = YES;
				SDKROOT = iphoneos;
			};
			name = Debug;
		};
		BDB04CDD1D58C1CD00212CC2 /* Release */ = {
			isa = XCBuildConfiguration;
			buildSettings = {
				ALWAYS_SEARCH_USER_PATHS = NO;
				CLANG_CXX_LANGUAGE_STANDARD = "gnu++0x";
				CLANG_CXX_LIBRARY = "libc++";
				CLANG_ENABLE_MODULES = YES;
				CLANG_ENABLE_OBJC_ARC = YES;
				CLANG_WARN_BOOL_CONVERSION = YES;
				CLANG_WARN_CONSTANT_CONVERSION = YES;
				CLANG_WARN_DIRECT_OBJC_ISA_USAGE = YES_ERROR;
				CLANG_WARN_EMPTY_BODY = YES;
				CLANG_WARN_ENUM_CONVERSION = YES;
				CLANG_WARN_INT_CONVERSION = YES;
				CLANG_WARN_OBJC_ROOT_CLASS = YES_ERROR;
				CLANG_WARN_UNREACHABLE_CODE = YES;
				CLANG_WARN__DUPLICATE_METHOD_MATCH = YES;
				"CODE_SIGN_IDENTITY[sdk=iphoneos*]" = "iPhone Developer";
				COPY_PHASE_STRIP = NO;
				DEBUG_INFORMATION_FORMAT = "dwarf-with-dsym";
				ENABLE_NS_ASSERTIONS = NO;
				ENABLE_STRICT_OBJC_MSGSEND = YES;
				GCC_C_LANGUAGE_STANDARD = gnu99;
				GCC_NO_COMMON_BLOCKS = YES;
				GCC_WARN_64_TO_32_BIT_CONVERSION = YES;
				GCC_WARN_ABOUT_RETURN_TYPE = YES_ERROR;
				GCC_WARN_UNDECLARED_SELECTOR = YES;
				GCC_WARN_UNINITIALIZED_AUTOS = YES_AGGRESSIVE;
				GCC_WARN_UNUSED_FUNCTION = YES;
				GCC_WARN_UNUSED_VARIABLE = YES;
				IPHONEOS_DEPLOYMENT_TARGET = 9.2;
				MTL_ENABLE_DEBUG_INFO = NO;
				SDKROOT = iphoneos;
				VALIDATE_PRODUCT = YES;
			};
			name = Release;
		};
		BDB04CDF1D58C1CD00212CC2 /* Debug */ = {
			isa = XCBuildConfiguration;
			baseConfigurationReference = 928D00102CFAC06A62C81066 /* Pods-XFBifJoke.debug.xcconfig */;
			buildSettings = {
				ASSETCATALOG_COMPILER_APPICON_NAME = AppIcon;
				ASSETCATALOG_COMPILER_LAUNCHIMAGE_NAME = LaunchImage;
				GCC_PREFIX_HEADER = XFBifJoke/PrefixHeader.pch;
				INFOPLIST_FILE = XFBifJoke/Info.plist;
				IPHONEOS_DEPLOYMENT_TARGET = 8.0;
				LD_RUNPATH_SEARCH_PATHS = "$(inherited) @executable_path/Frameworks";
				PRODUCT_BUNDLE_IDENTIFIER = com.dvxiaofan.XFBifJoke;
				PRODUCT_NAME = "$(TARGET_NAME)";
			};
			name = Debug;
		};
		BDB04CE01D58C1CD00212CC2 /* Release */ = {
			isa = XCBuildConfiguration;
			baseConfigurationReference = CD7DAA164E3016F8A02DD66E /* Pods-XFBifJoke.release.xcconfig */;
			buildSettings = {
				ASSETCATALOG_COMPILER_APPICON_NAME = AppIcon;
				ASSETCATALOG_COMPILER_LAUNCHIMAGE_NAME = LaunchImage;
				GCC_PREFIX_HEADER = XFBifJoke/PrefixHeader.pch;
				INFOPLIST_FILE = XFBifJoke/Info.plist;
				IPHONEOS_DEPLOYMENT_TARGET = 8.0;
				LD_RUNPATH_SEARCH_PATHS = "$(inherited) @executable_path/Frameworks";
				PRODUCT_BUNDLE_IDENTIFIER = com.dvxiaofan.XFBifJoke;
				PRODUCT_NAME = "$(TARGET_NAME)";
			};
			name = Release;
		};
		BDB04CE21D58C1CD00212CC2 /* Debug */ = {
			isa = XCBuildConfiguration;
			baseConfigurationReference = D063E4F3F4F22B55C3E83693 /* Pods-XFBifJokeTests.debug.xcconfig */;
			buildSettings = {
				BUNDLE_LOADER = "$(TEST_HOST)";
				INFOPLIST_FILE = XFBifJokeTests/Info.plist;
				LD_RUNPATH_SEARCH_PATHS = "$(inherited) @executable_path/Frameworks @loader_path/Frameworks";
				PRODUCT_BUNDLE_IDENTIFIER = com.dvxiaofan.XFBifJokeTests;
				PRODUCT_NAME = "$(TARGET_NAME)";
				TEST_HOST = "$(BUILT_PRODUCTS_DIR)/XFBifJoke.app/XFBifJoke";
			};
			name = Debug;
		};
		BDB04CE31D58C1CD00212CC2 /* Release */ = {
			isa = XCBuildConfiguration;
			baseConfigurationReference = 8B7A632CC8B38DF67A0EDE0C /* Pods-XFBifJokeTests.release.xcconfig */;
			buildSettings = {
				BUNDLE_LOADER = "$(TEST_HOST)";
				INFOPLIST_FILE = XFBifJokeTests/Info.plist;
				LD_RUNPATH_SEARCH_PATHS = "$(inherited) @executable_path/Frameworks @loader_path/Frameworks";
				PRODUCT_BUNDLE_IDENTIFIER = com.dvxiaofan.XFBifJokeTests;
				PRODUCT_NAME = "$(TARGET_NAME)";
				TEST_HOST = "$(BUILT_PRODUCTS_DIR)/XFBifJoke.app/XFBifJoke";
			};
			name = Release;
		};
		BDB04CE51D58C1CD00212CC2 /* Debug */ = {
			isa = XCBuildConfiguration;
			baseConfigurationReference = BF7AB1B54F5A84620C90E61B /* Pods-XFBifJokeUITests.debug.xcconfig */;
			buildSettings = {
				INFOPLIST_FILE = XFBifJokeUITests/Info.plist;
				LD_RUNPATH_SEARCH_PATHS = "$(inherited) @executable_path/Frameworks @loader_path/Frameworks";
				PRODUCT_BUNDLE_IDENTIFIER = com.dvxiaofan.XFBifJokeUITests;
				PRODUCT_NAME = "$(TARGET_NAME)";
				TEST_TARGET_NAME = XFBifJoke;
				USES_XCTRUNNER = YES;
			};
			name = Debug;
		};
		BDB04CE61D58C1CD00212CC2 /* Release */ = {
			isa = XCBuildConfiguration;
			baseConfigurationReference = 255C33EBC8AECE310926E32E /* Pods-XFBifJokeUITests.release.xcconfig */;
			buildSettings = {
				INFOPLIST_FILE = XFBifJokeUITests/Info.plist;
				LD_RUNPATH_SEARCH_PATHS = "$(inherited) @executable_path/Frameworks @loader_path/Frameworks";
				PRODUCT_BUNDLE_IDENTIFIER = com.dvxiaofan.XFBifJokeUITests;
				PRODUCT_NAME = "$(TARGET_NAME)";
				TEST_TARGET_NAME = XFBifJoke;
				USES_XCTRUNNER = YES;
			};
			name = Release;
		};
/* End XCBuildConfiguration section */

/* Begin XCConfigurationList section */
		BDB04CAC1D58C1CD00212CC2 /* Build configuration list for PBXProject "XFBifJoke" */ = {
			isa = XCConfigurationList;
			buildConfigurations = (
				BDB04CDC1D58C1CD00212CC2 /* Debug */,
				BDB04CDD1D58C1CD00212CC2 /* Release */,
			);
			defaultConfigurationIsVisible = 0;
			defaultConfigurationName = Release;
		};
		BDB04CDE1D58C1CD00212CC2 /* Build configuration list for PBXNativeTarget "XFBifJoke" */ = {
			isa = XCConfigurationList;
			buildConfigurations = (
				BDB04CDF1D58C1CD00212CC2 /* Debug */,
				BDB04CE01D58C1CD00212CC2 /* Release */,
			);
			defaultConfigurationIsVisible = 0;
			defaultConfigurationName = Release;
		};
		BDB04CE11D58C1CD00212CC2 /* Build configuration list for PBXNativeTarget "XFBifJokeTests" */ = {
			isa = XCConfigurationList;
			buildConfigurations = (
				BDB04CE21D58C1CD00212CC2 /* Debug */,
				BDB04CE31D58C1CD00212CC2 /* Release */,
			);
			defaultConfigurationIsVisible = 0;
			defaultConfigurationName = Release;
		};
		BDB04CE41D58C1CD00212CC2 /* Build configuration list for PBXNativeTarget "XFBifJokeUITests" */ = {
			isa = XCConfigurationList;
			buildConfigurations = (
				BDB04CE51D58C1CD00212CC2 /* Debug */,
				BDB04CE61D58C1CD00212CC2 /* Release */,
			);
			defaultConfigurationIsVisible = 0;
			defaultConfigurationName = Release;
		};
/* End XCConfigurationList section */
	};
	rootObject = BDB04CA91D58C1CD00212CC2 /* Project object */;
}
